// !$*UTF8*$!
{
	archiveVersion = 1;
	classes = {
	};
	objectVersion = 55;
	objects = {

/* Begin PBXBuildFile section */
		982E8F43287D4CB80027C9EA /* ColorPalette.swift in Sources */ = {isa = PBXBuildFile; fileRef = 982E8F42287D4CB70027C9EA /* ColorPalette.swift */; };
		982E8F47287D56540027C9EA /* PhotoTextCollectionViewCell.swift in Sources */ = {isa = PBXBuildFile; fileRef = 982E8F46287D56540027C9EA /* PhotoTextCollectionViewCell.swift */; };
		98E644AD2877F9E000657983 /* AppDelegate.swift in Sources */ = {isa = PBXBuildFile; fileRef = 98E644AC2877F9E000657983 /* AppDelegate.swift */; };
		98E644B12877F9E000657983 /* ViewController.swift in Sources */ = {isa = PBXBuildFile; fileRef = 98E644B02877F9E000657983 /* ViewController.swift */; };
		98E644B42877F9E000657983 /* Main.storyboard in Resources */ = {isa = PBXBuildFile; fileRef = 98E644B22877F9E000657983 /* Main.storyboard */; };
		98E644B62877F9E600657983 /* Assets.xcassets in Resources */ = {isa = PBXBuildFile; fileRef = 98E644B52877F9E600657983 /* Assets.xcassets */; };
		98E644B92877F9E600657983 /* LaunchScreen.storyboard in Resources */ = {isa = PBXBuildFile; fileRef = 98E644B72877F9E600657983 /* LaunchScreen.storyboard */; };
		98E644C22877FAD500657983 /* PhotoViewViewController.swift in Sources */ = {isa = PBXBuildFile; fileRef = 98E644C12877FAD500657983 /* PhotoViewViewController.swift */; };
		98E644C42877FD7900657983 /* PhotoCollectionViewCell.swift in Sources */ = {isa = PBXBuildFile; fileRef = 98E644C32877FD7900657983 /* PhotoCollectionViewCell.swift */; };
		98E644C6287802A800657983 /* AppCoordinator.swift in Sources */ = {isa = PBXBuildFile; fileRef = 98E644C5287802A800657983 /* AppCoordinator.swift */; };
		98E644C92878042D00657983 /* PhotosModuleBuilder.swift in Sources */ = {isa = PBXBuildFile; fileRef = 98E644C82878042D00657983 /* PhotosModuleBuilder.swift */; };
		98E644CC2878048B00657983 /* PhotosModulePresenter.swift in Sources */ = {isa = PBXBuildFile; fileRef = 98E644CB2878048B00657983 /* PhotosModulePresenter.swift */; };
		98E644CF2879620900657983 /* Images.swift in Sources */ = {isa = PBXBuildFile; fileRef = 98E644CE2879620900657983 /* Images.swift */; };
		98E644D5287C0DBD00657983 /* PhotoPickerModuleBuilder.swift in Sources */ = {isa = PBXBuildFile; fileRef = 98E644D4287C0DBD00657983 /* PhotoPickerModuleBuilder.swift */; };
		98E644D7287C0E9100657983 /* PhotoPickerModuleViewController.swift in Sources */ = {isa = PBXBuildFile; fileRef = 98E644D6287C0E9100657983 /* PhotoPickerModuleViewController.swift */; };
		98E644D9287C10A000657983 /* PhotoPickerModulePresenter.swift in Sources */ = {isa = PBXBuildFile; fileRef = 98E644D8287C10A000657983 /* PhotoPickerModulePresenter.swift */; };
/* End PBXBuildFile section */

/* Begin PBXFileReference section */
		982E8F42287D4CB70027C9EA /* ColorPalette.swift */ = {isa = PBXFileReference; lastKnownFileType = sourcecode.swift; path = ColorPalette.swift; sourceTree = "<group>"; };
		982E8F46287D56540027C9EA /* PhotoTextCollectionViewCell.swift */ = {isa = PBXFileReference; lastKnownFileType = sourcecode.swift; path = PhotoTextCollectionViewCell.swift; sourceTree = "<group>"; };
		98E644A92877F9E000657983 /* Photo frame.app */ = {isa = PBXFileReference; explicitFileType = wrapper.application; includeInIndex = 0; path = "Photo frame.app"; sourceTree = BUILT_PRODUCTS_DIR; };
		98E644AC2877F9E000657983 /* AppDelegate.swift */ = {isa = PBXFileReference; lastKnownFileType = sourcecode.swift; path = AppDelegate.swift; sourceTree = "<group>"; };
		98E644B02877F9E000657983 /* ViewController.swift */ = {isa = PBXFileReference; lastKnownFileType = sourcecode.swift; path = ViewController.swift; sourceTree = "<group>"; };
		98E644B32877F9E000657983 /* Base */ = {isa = PBXFileReference; lastKnownFileType = file.storyboard; name = Base; path = Base.lproj/Main.storyboard; sourceTree = "<group>"; };
		98E644B52877F9E600657983 /* Assets.xcassets */ = {isa = PBXFileReference; lastKnownFileType = folder.assetcatalog; path = Assets.xcassets; sourceTree = "<group>"; };
		98E644B82877F9E600657983 /* Base */ = {isa = PBXFileReference; lastKnownFileType = file.storyboard; name = Base; path = Base.lproj/LaunchScreen.storyboard; sourceTree = "<group>"; };
		98E644BA2877F9E600657983 /* Info.plist */ = {isa = PBXFileReference; lastKnownFileType = text.plist.xml; path = Info.plist; sourceTree = "<group>"; };
		98E644C12877FAD500657983 /* PhotoViewViewController.swift */ = {isa = PBXFileReference; lastKnownFileType = sourcecode.swift; path = PhotoViewViewController.swift; sourceTree = "<group>"; };
		98E644C32877FD7900657983 /* PhotoCollectionViewCell.swift */ = {isa = PBXFileReference; lastKnownFileType = sourcecode.swift; path = PhotoCollectionViewCell.swift; sourceTree = "<group>"; };
		98E644C5287802A800657983 /* AppCoordinator.swift */ = {isa = PBXFileReference; lastKnownFileType = sourcecode.swift; path = AppCoordinator.swift; sourceTree = "<group>"; };
		98E644C82878042D00657983 /* PhotosModuleBuilder.swift */ = {isa = PBXFileReference; lastKnownFileType = sourcecode.swift; path = PhotosModuleBuilder.swift; sourceTree = "<group>"; };
		98E644CB2878048B00657983 /* PhotosModulePresenter.swift */ = {isa = PBXFileReference; lastKnownFileType = sourcecode.swift; path = PhotosModulePresenter.swift; sourceTree = "<group>"; };
		98E644CE2879620900657983 /* Images.swift */ = {isa = PBXFileReference; lastKnownFileType = sourcecode.swift; path = Images.swift; sourceTree = "<group>"; };
		98E644D4287C0DBD00657983 /* PhotoPickerModuleBuilder.swift */ = {isa = PBXFileReference; lastKnownFileType = sourcecode.swift; path = PhotoPickerModuleBuilder.swift; sourceTree = "<group>"; };
		98E644D6287C0E9100657983 /* PhotoPickerModuleViewController.swift */ = {isa = PBXFileReference; lastKnownFileType = sourcecode.swift; path = PhotoPickerModuleViewController.swift; sourceTree = "<group>"; };
		98E644D8287C10A000657983 /* PhotoPickerModulePresenter.swift */ = {isa = PBXFileReference; lastKnownFileType = sourcecode.swift; path = PhotoPickerModulePresenter.swift; sourceTree = "<group>"; };
/* End PBXFileReference section */

/* Begin PBXFrameworksBuildPhase section */
		98E644A62877F9E000657983 /* Frameworks */ = {
			isa = PBXFrameworksBuildPhase;
			buildActionMask = 2147483647;
			files = (
			);
			runOnlyForDeploymentPostprocessing = 0;
		};
/* End PBXFrameworksBuildPhase section */

/* Begin PBXGroup section */
		98E644A02877F9DF00657983 = {
			isa = PBXGroup;
			children = (
				98E644AB2877F9E000657983 /* Photo frame */,
				98E644AA2877F9E000657983 /* Products */,
			);
			sourceTree = "<group>";
		};
		98E644AA2877F9E000657983 /* Products */ = {
			isa = PBXGroup;
			children = (
				98E644A92877F9E000657983 /* Photo frame.app */,
			);
			name = Products;
			sourceTree = "<group>";
		};
		98E644AB2877F9E000657983 /* Photo frame */ = {
			isa = PBXGroup;
			children = (
				98E644D0287C0C3800657983 /* PhotoPickerModule */,
				98E644C02877FA5700657983 /* PhotosModule */,
				98E644AC2877F9E000657983 /* AppDelegate.swift */,
				98E644B02877F9E000657983 /* ViewController.swift */,
				98E644B22877F9E000657983 /* Main.storyboard */,
				98E644B52877F9E600657983 /* Assets.xcassets */,
				98E644B72877F9E600657983 /* LaunchScreen.storyboard */,
				98E644BA2877F9E600657983 /* Info.plist */,
				982E8F42287D4CB70027C9EA /* ColorPalette.swift */,
			);
			path = "Photo frame";
			sourceTree = "<group>";
		};
		98E644C02877FA5700657983 /* PhotosModule */ = {
			isa = PBXGroup;
			children = (
				98E644CD287961AD00657983 /* Model */,
				98E644CA2878047100657983 /* Presenter */,
				98E644C72878041300657983 /* View */,
				98E644C82878042D00657983 /* PhotosModuleBuilder.swift */,
			);
			path = PhotosModule;
			sourceTree = "<group>";
		};
		98E644C72878041300657983 /* View */ = {
			isa = PBXGroup;
			children = (
				98E644C12877FAD500657983 /* PhotoViewViewController.swift */,
				98E644C32877FD7900657983 /* PhotoCollectionViewCell.swift */,
				982E8F46287D56540027C9EA /* PhotoTextCollectionViewCell.swift */,
			);
			path = View;
			sourceTree = "<group>";
		};
		98E644CA2878047100657983 /* Presenter */ = {
			isa = PBXGroup;
			children = (
				98E644CB2878048B00657983 /* PhotosModulePresenter.swift */,
			);
			path = Presenter;
			sourceTree = "<group>";
		};
		98E644CD287961AD00657983 /* Model */ = {
			isa = PBXGroup;
			children = (
				98E644CE2879620900657983 /* Images.swift */,
			);
			path = Model;
			sourceTree = "<group>";
		};
		98E644D0287C0C3800657983 /* PhotoPickerModule */ = {
			isa = PBXGroup;
			children = (
				98E644C5287802A800657983 /* AppCoordinator.swift */,
				98E644D3287C0C9200657983 /* Model */,
				98E644D2287C0C8900657983 /* Presenter */,
				98E644D1287C0C6900657983 /* View */,
				98E644D4287C0DBD00657983 /* PhotoPickerModuleBuilder.swift */,
			);
			path = PhotoPickerModule;
			sourceTree = "<group>";
		};
		98E644D1287C0C6900657983 /* View */ = {
			isa = PBXGroup;
			children = (
				98E644D6287C0E9100657983 /* PhotoPickerModuleViewController.swift */,
			);
			path = View;
			sourceTree = "<group>";
		};
		98E644D2287C0C8900657983 /* Presenter */ = {
			isa = PBXGroup;
			children = (
				98E644D8287C10A000657983 /* PhotoPickerModulePresenter.swift */,
			);
			path = Presenter;
			sourceTree = "<group>";
		};
		98E644D3287C0C9200657983 /* Model */ = {
			isa = PBXGroup;
			children = (
			);
			path = Model;
			sourceTree = "<group>";
		};
/* End PBXGroup section */

/* Begin PBXNativeTarget section */
		98E644A82877F9E000657983 /* Photo frame */ = {
			isa = PBXNativeTarget;
			buildConfigurationList = 98E644BD2877F9E600657983 /* Build configuration list for PBXNativeTarget "Photo frame" */;
			buildPhases = (
				98E644A52877F9E000657983 /* Sources */,
				98E644A62877F9E000657983 /* Frameworks */,
				98E644A72877F9E000657983 /* Resources */,
			);
			buildRules = (
			);
			dependencies = (
			);
			name = "Photo frame";
			productName = "Photo frame";
			productReference = 98E644A92877F9E000657983 /* Photo frame.app */;
			productType = "com.apple.product-type.application";
		};
/* End PBXNativeTarget section */

/* Begin PBXProject section */
		98E644A12877F9DF00657983 /* Project object */ = {
			isa = PBXProject;
			attributes = {
				BuildIndependentTargetsInParallel = 1;
				LastSwiftUpdateCheck = 1310;
				LastUpgradeCheck = 1310;
				TargetAttributes = {
					98E644A82877F9E000657983 = {
						CreatedOnToolsVersion = 13.1;
					};
				};
			};
			buildConfigurationList = 98E644A42877F9DF00657983 /* Build configuration list for PBXProject "Photo frame" */;
			compatibilityVersion = "Xcode 13.0";
			developmentRegion = en;
			hasScannedForEncodings = 0;
			knownRegions = (
				en,
				Base,
			);
			mainGroup = 98E644A02877F9DF00657983;
			productRefGroup = 98E644AA2877F9E000657983 /* Products */;
			projectDirPath = "";
			projectRoot = "";
			targets = (
				98E644A82877F9E000657983 /* Photo frame */,
			);
		};
/* End PBXProject section */

/* Begin PBXResourcesBuildPhase section */
		98E644A72877F9E000657983 /* Resources */ = {
			isa = PBXResourcesBuildPhase;
			buildActionMask = 2147483647;
			files = (
				98E644B92877F9E600657983 /* LaunchScreen.storyboard in Resources */,
				98E644B62877F9E600657983 /* Assets.xcassets in Resources */,
				98E644B42877F9E000657983 /* Main.storyboard in Resources */,
			);
			runOnlyForDeploymentPostprocessing = 0;
		};
/* End PBXResourcesBuildPhase section */

/* Begin PBXSourcesBuildPhase section */
		98E644A52877F9E000657983 /* Sources */ = {
			isa = PBXSourcesBuildPhase;
			buildActionMask = 2147483647;
			files = (
				982E8F47287D56540027C9EA /* PhotoTextCollectionViewCell.swift in Sources */,
				98E644C6287802A800657983 /* AppCoordinator.swift in Sources */,
				98E644D5287C0DBD00657983 /* PhotoPickerModuleBuilder.swift in Sources */,
				98E644D9287C10A000657983 /* PhotoPickerModulePresenter.swift in Sources */,
				98E644CC2878048B00657983 /* PhotosModulePresenter.swift in Sources */,
				98E644C22877FAD500657983 /* PhotoViewViewController.swift in Sources */,
				98E644C92878042D00657983 /* PhotosModuleBuilder.swift in Sources */,
				98E644C42877FD7900657983 /* PhotoCollectionViewCell.swift in Sources */,
				98E644CF2879620900657983 /* Images.swift in Sources */,
				98E644B12877F9E000657983 /* ViewController.swift in Sources */,
				98E644AD2877F9E000657983 /* AppDelegate.swift in Sources */,
				98E644D7287C0E9100657983 /* PhotoPickerModuleViewController.swift in Sources */,
				982E8F43287D4CB80027C9EA /* ColorPalette.swift in Sources */,
			);
			runOnlyForDeploymentPostprocessing = 0;
		};
/* End PBXSourcesBuildPhase section */

/* Begin PBXVariantGroup section */
		98E644B22877F9E000657983 /* Main.storyboard */ = {
			isa = PBXVariantGroup;
			children = (
				98E644B32877F9E000657983 /* Base */,
			);
			name = Main.storyboard;
			sourceTree = "<group>";
		};
		98E644B72877F9E600657983 /* LaunchScreen.storyboard */ = {
			isa = PBXVariantGroup;
			children = (
				98E644B82877F9E600657983 /* Base */,
			);
			name = LaunchScreen.storyboard;
			sourceTree = "<group>";
		};
/* End PBXVariantGroup section */

/* Begin XCBuildConfiguration section */
		98E644BB2877F9E600657983 /* Debug */ = {
			isa = XCBuildConfiguration;
			buildSettings = {
				ALWAYS_SEARCH_USER_PATHS = NO;
				CLANG_ANALYZER_NONNULL = YES;
				CLANG_ANALYZER_NUMBER_OBJECT_CONVERSION = YES_AGGRESSIVE;
				CLANG_CXX_LANGUAGE_STANDARD = "gnu++17";
				CLANG_CXX_LIBRARY = "libc++";
				CLANG_ENABLE_MODULES = YES;
				CLANG_ENABLE_OBJC_ARC = YES;
				CLANG_ENABLE_OBJC_WEAK = YES;
				CLANG_WARN_BLOCK_CAPTURE_AUTORELEASING = YES;
				CLANG_WARN_BOOL_CONVERSION = YES;
				CLANG_WARN_COMMA = YES;
				CLANG_WARN_CONSTANT_CONVERSION = YES;
				CLANG_WARN_DEPRECATED_OBJC_IMPLEMENTATIONS = YES;
				CLANG_WARN_DIRECT_OBJC_ISA_USAGE = YES_ERROR;
				CLANG_WARN_DOCUMENTATION_COMMENTS = YES;
				CLANG_WARN_EMPTY_BODY = YES;
				CLANG_WARN_ENUM_CONVERSION = YES;
				CLANG_WARN_INFINITE_RECURSION = YES;
				CLANG_WARN_INT_CONVERSION = YES;
				CLANG_WARN_NON_LITERAL_NULL_CONVERSION = YES;
				CLANG_WARN_OBJC_IMPLICIT_RETAIN_SELF = YES;
				CLANG_WARN_OBJC_LITERAL_CONVERSION = YES;
				CLANG_WARN_OBJC_ROOT_CLASS = YES_ERROR;
				CLANG_WARN_QUOTED_INCLUDE_IN_FRAMEWORK_HEADER = YES;
				CLANG_WARN_RANGE_LOOP_ANALYSIS = YES;
				CLANG_WARN_STRICT_PROTOTYPES = YES;
				CLANG_WARN_SUSPICIOUS_MOVE = YES;
				CLANG_WARN_UNGUARDED_AVAILABILITY = YES_AGGRESSIVE;
				CLANG_WARN_UNREACHABLE_CODE = YES;
				CLANG_WARN__DUPLICATE_METHOD_MATCH = YES;
				COPY_PHASE_STRIP = NO;
				DEBUG_INFORMATION_FORMAT = dwarf;
				ENABLE_STRICT_OBJC_MSGSEND = YES;
				ENABLE_TESTABILITY = YES;
				GCC_C_LANGUAGE_STANDARD = gnu11;
				GCC_DYNAMIC_NO_PIC = NO;
				GCC_NO_COMMON_BLOCKS = YES;
				GCC_OPTIMIZATION_LEVEL = 0;
				GCC_PREPROCESSOR_DEFINITIONS = (
					"DEBUG=1",
					"$(inherited)",
				);
				GCC_WARN_64_TO_32_BIT_CONVERSION = YES;
				GCC_WARN_ABOUT_RETURN_TYPE = YES_ERROR;
				GCC_WARN_UNDECLARED_SELECTOR = YES;
				GCC_WARN_UNINITIALIZED_AUTOS = YES_AGGRESSIVE;
				GCC_WARN_UNUSED_FUNCTION = YES;
				GCC_WARN_UNUSED_VARIABLE = YES;
				IPHONEOS_DEPLOYMENT_TARGET = 15.0;
				MTL_ENABLE_DEBUG_INFO = INCLUDE_SOURCE;
				MTL_FAST_MATH = YES;
				ONLY_ACTIVE_ARCH = YES;
				SDKROOT = iphoneos;
				SWIFT_ACTIVE_COMPILATION_CONDITIONS = DEBUG;
				SWIFT_OPTIMIZATION_LEVEL = "-Onone";
			};
			name = Debug;
		};
		98E644BC2877F9E600657983 /* Release */ = {
			isa = XCBuildConfiguration;
			buildSettings = {
				ALWAYS_SEARCH_USER_PATHS = NO;
				CLANG_ANALYZER_NONNULL = YES;
				CLANG_ANALYZER_NUMBER_OBJECT_CONVERSION = YES_AGGRESSIVE;
				CLANG_CXX_LANGUAGE_STANDARD = "gnu++17";
				CLANG_CXX_LIBRARY = "libc++";
				CLANG_ENABLE_MODULES = YES;
				CLANG_ENABLE_OBJC_ARC = YES;
				CLANG_ENABLE_OBJC_WEAK = YES;
				CLANG_WARN_BLOCK_CAPTURE_AUTORELEASING = YES;
				CLANG_WARN_BOOL_CONVERSION = YES;
				CLANG_WARN_COMMA = YES;
				CLANG_WARN_CONSTANT_CONVERSION = YES;
				CLANG_WARN_DEPRECATED_OBJC_IMPLEMENTATIONS = YES;
				CLANG_WARN_DIRECT_OBJC_ISA_USAGE = YES_ERROR;
				CLANG_WARN_DOCUMENTATION_COMMENTS = YES;
				CLANG_WARN_EMPTY_BODY = YES;
				CLANG_WARN_ENUM_CONVERSION = YES;
				CLANG_WARN_INFINITE_RECURSION = YES;
				CLANG_WARN_INT_CONVERSION = YES;
				CLANG_WARN_NON_LITERAL_NULL_CONVERSION = YES;
				CLANG_WARN_OBJC_IMPLICIT_RETAIN_SELF = YES;
				CLANG_WARN_OBJC_LITERAL_CONVERSION = YES;
				CLANG_WARN_OBJC_ROOT_CLASS = YES_ERROR;
				CLANG_WARN_QUOTED_INCLUDE_IN_FRAMEWORK_HEADER = YES;
				CLANG_WARN_RANGE_LOOP_ANALYSIS = YES;
				CLANG_WARN_STRICT_PROTOTYPES = YES;
				CLANG_WARN_SUSPICIOUS_MOVE = YES;
				CLANG_WARN_UNGUARDED_AVAILABILITY = YES_AGGRESSIVE;
				CLANG_WARN_UNREACHABLE_CODE = YES;
				CLANG_WARN__DUPLICATE_METHOD_MATCH = YES;
				COPY_PHASE_STRIP = NO;
				DEBUG_INFORMATION_FORMAT = "dwarf-with-dsym";
				ENABLE_NS_ASSERTIONS = NO;
				ENABLE_STRICT_OBJC_MSGSEND = YES;
				GCC_C_LANGUAGE_STANDARD = gnu11;
				GCC_NO_COMMON_BLOCKS = YES;
				GCC_WARN_64_TO_32_BIT_CONVERSION = YES;
				GCC_WARN_ABOUT_RETURN_TYPE = YES_ERROR;
				GCC_WARN_UNDECLARED_SELECTOR = YES;
				GCC_WARN_UNINITIALIZED_AUTOS = YES_AGGRESSIVE;
				GCC_WARN_UNUSED_FUNCTION = YES;
				GCC_WARN_UNUSED_VARIABLE = YES;
				IPHONEOS_DEPLOYMENT_TARGET = 15.0;
				MTL_ENABLE_DEBUG_INFO = NO;
				MTL_FAST_MATH = YES;
				SDKROOT = iphoneos;
				SWIFT_COMPILATION_MODE = wholemodule;
				SWIFT_OPTIMIZATION_LEVEL = "-O";
				VALIDATE_PRODUCT = YES;
			};
			name = Release;
		};
		98E644BE2877F9E600657983 /* Debug */ = {
			isa = XCBuildConfiguration;
			buildSettings = {
				ASSETCATALOG_COMPILER_APPICON_NAME = AppIcon;
				ASSETCATALOG_COMPILER_GLOBAL_ACCENT_COLOR_NAME = AccentColor;
				CODE_SIGN_STYLE = Automatic;
				CURRENT_PROJECT_VERSION = 1;
				DEVELOPMENT_TEAM = 35T5AAH76P;
				GENERATE_INFOPLIST_FILE = YES;
				INFOPLIST_FILE = "Photo frame/Info.plist";
				INFOPLIST_KEY_UIApplicationSupportsIndirectInputEvents = YES;
				INFOPLIST_KEY_UILaunchStoryboardName = LaunchScreen;
				INFOPLIST_KEY_UIMainStoryboardFile = Main;
				INFOPLIST_KEY_UISupportedInterfaceOrientations = UIInterfaceOrientationPortrait;
				INFOPLIST_KEY_UISupportedInterfaceOrientations_iPad = "UIInterfaceOrientationPortrait UIInterfaceOrientationPortraitUpsideDown UIInterfaceOrientationLandscapeLeft UIInterfaceOrientationLandscapeRight";
				INFOPLIST_KEY_UISupportedInterfaceOrientations_iPhone = "UIInterfaceOrientationPortrait UIInterfaceOrientationLandscapeLeft UIInterfaceOrientationLandscapeRight";
				IPHONEOS_DEPLOYMENT_TARGET = 14.0;
				LD_RUNPATH_SEARCH_PATHS = (
					"$(inherited)",
					"@executable_path/Frameworks",
				);
				MARKETING_VERSION = 1.0;
				PRODUCT_BUNDLE_IDENTIFIER = "nickaKos.Photo-frame";
				PRODUCT_NAME = "$(TARGET_NAME)";
				SWIFT_EMIT_LOC_STRINGS = YES;
				SWIFT_VERSION = 5.0;
				TARGETED_DEVICE_FAMILY = "1,2";
			};
			name = Debug;
		};
		98E644BF2877F9E600657983 /* Release */ = {
			isa = XCBuildConfiguration;
			buildSettings = {
				ASSETCATALOG_COMPILER_APPICON_NAME = AppIcon;
				ASSETCATALOG_COMPILER_GLOBAL_ACCENT_COLOR_NAME = AccentColor;
				CODE_SIGN_STYLE = Automatic;
				CURRENT_PROJECT_VERSION = 1;
				DEVELOPMENT_TEAM = 35T5AAH76P;
				GENERATE_INFOPLIST_FILE = YES;
				INFOPLIST_FILE = "Photo frame/Info.plist";
				INFOPLIST_KEY_UIApplicationSupportsIndirectInputEvents = YES;
				INFOPLIST_KEY_UILaunchStoryboardName = LaunchScreen;
				INFOPLIST_KEY_UIMainStoryboardFile = Main;
				INFOPLIST_KEY_UISupportedInterfaceOrientations = UIInterfaceOrientationPortrait;
				INFOPLIST_KEY_UISupportedInterfaceOrientations_iPad = "UIInterfaceOrientationPortrait UIInterfaceOrientationPortraitUpsideDown UIInterfaceOrientationLandscapeLeft UIInterfaceOrientationLandscapeRight";
				INFOPLIST_KEY_UISupportedInterfaceOrientations_iPhone = "UIInterfaceOrientationPortrait UIInterfaceOrientationLandscapeLeft UIInterfaceOrientationLandscapeRight";
				IPHONEOS_DEPLOYMENT_TARGET = 14.0;
				LD_RUNPATH_SEARCH_PATHS = (
					"$(inherited)",
					"@executable_path/Frameworks",
				);
				MARKETING_VERSION = 1.0;
				PRODUCT_BUNDLE_IDENTIFIER = "nickaKos.Photo-frame";
				PRODUCT_NAME = "$(TARGET_NAME)";
				SWIFT_EMIT_LOC_STRINGS = YES;
				SWIFT_VERSION = 5.0;
				TARGETED_DEVICE_FAMILY = "1,2";
			};
			name = Release;
		};
/* End XCBuildConfiguration section */

/* Begin XCConfigurationList section */
		98E644A42877F9DF00657983 /* Build configuration list for PBXProject "Photo frame" */ = {
			isa = XCConfigurationList;
			buildConfigurations = (
				98E644BB2877F9E600657983 /* Debug */,
				98E644BC2877F9E600657983 /* Release */,
			);
			defaultConfigurationIsVisible = 0;
			defaultConfigurationName = Release;
		};
		98E644BD2877F9E600657983 /* Build configuration list for PBXNativeTarget "Photo frame" */ = {
			isa = XCConfigurationList;
			buildConfigurations = (
				98E644BE2877F9E600657983 /* Debug */,
				98E644BF2877F9E600657983 /* Release */,
			);
			defaultConfigurationIsVisible = 0;
			defaultConfigurationName = Release;
		};
/* End XCConfigurationList section */
	};
	rootObject = 98E644A12877F9DF00657983 /* Project object */;
}
